// !$*UTF8*$!
{
	archiveVersion = 1;
	classes = {
	};
	objectVersion = 46;
	objects = {

/* Begin PBXBuildFile section */
		1DDD58160DA1D0A300B32029 /* MainMenu.xib in Resources */ = {isa = PBXBuildFile; fileRef = 1DDD58140DA1D0A300B32029 /* MainMenu.xib */; };
		256AC3DA0F4B6AC300CF3369 /* TNC_TCP_ServerAppDelegate.m in Sources */ = {isa = PBXBuildFile; fileRef = 256AC3D90F4B6AC300CF3369 /* TNC_TCP_ServerAppDelegate.m */; };
		36100CF013DEF6F10003945C /* TCP.framework in Frameworks */ = {isa = PBXBuildFile; fileRef = 36100CEF13DEF6F10003945C /* TCP.framework */; };
		3611675313C7B6E6006FB184 /* UKFNSubscribeFileWatcher.m in Sources */ = {isa = PBXBuildFile; fileRef = 3611674B13C7B6E6006FB184 /* UKFNSubscribeFileWatcher.m */; };
		3611675413C7B6E6006FB184 /* UKFileWatcher.m in Sources */ = {isa = PBXBuildFile; fileRef = 3611674D13C7B6E6006FB184 /* UKFileWatcher.m */; };
		3611675513C7B6E6006FB184 /* UKKQueue Readme.txt in Resources */ = {isa = PBXBuildFile; fileRef = 3611674E13C7B6E6006FB184 /* UKKQueue Readme.txt */; };
		3611675613C7B6E6006FB184 /* UKKQueue.m in Sources */ = {isa = PBXBuildFile; fileRef = 3611675013C7B6E6006FB184 /* UKKQueue.m */; };
		3611675713C7B6E6006FB184 /* UKMainThreadProxy.m in Sources */ = {isa = PBXBuildFile; fileRef = 3611675213C7B6E6006FB184 /* UKMainThreadProxy.m */; };
		3655C36913CA42CF004DA800 /* Python.framework in Frameworks */ = {isa = PBXBuildFile; fileRef = 3655C36813CA42CF004DA800 /* Python.framework */; };
		3655C36E13CA4480004DA800 /* D710_logger.py in Resources */ = {isa = PBXBuildFile; fileRef = 3655C36D13CA4480004DA800 /* D710_logger.py */; };
		3683C76213C91D8700FE754D /* D710_start_stop.py in Resources */ = {isa = PBXBuildFile; fileRef = 3683C75F13C91D8700FE754D /* D710_start_stop.py */; };
		3683C76313C91D8700FE754D /* D710_start_stop.pyc in Resources */ = {isa = PBXBuildFile; fileRef = 3683C76013C91D8700FE754D /* D710_start_stop.pyc */; };
		36896BED13DDE84C00775211 /* README in Resources */ = {isa = PBXBuildFile; fileRef = 36896BEC13DDE84C00775211 /* README */; };
		3697201613C7B01E001C3726 /* logFileReceiver.m in Sources */ = {isa = PBXBuildFile; fileRef = 3697201513C7B01E001C3726 /* logFileReceiver.m */; };
		3697202E13C7B2FB001C3726 /* libfap.dylib in Frameworks */ = {isa = PBXBuildFile; fileRef = 3697202D13C7B2FB001C3726 /* libfap.dylib */; };
		36C1398513DF58DF002E512D /* D710_logger_windows.py in Resources */ = {isa = PBXBuildFile; fileRef = 36C1396013DF58DF002E512D /* D710_logger_windows.py */; };
		36C1398613DF58DF002E512D /* D710_start_stop.pyc in Resources */ = {isa = PBXBuildFile; fileRef = 36C1396113DF58DF002E512D /* D710_start_stop.pyc */; };
		36C1398713DF58DF002E512D /* pyserial-2.5.win32.exe in Resources */ = {isa = PBXBuildFile; fileRef = 36C1396213DF58DF002E512D /* pyserial-2.5.win32.exe */; };
		36C1398813DF58DF002E512D /* __init__.py in Resources */ = {isa = PBXBuildFile; fileRef = 36C1396413DF58DF002E512D /* __init__.py */; };
		36C1398913DF58DF002E512D /* __init__.pyc in Resources */ = {isa = PBXBuildFile; fileRef = 36C1396513DF58DF002E512D /* __init__.pyc */; };
		36C1398A13DF58DF002E512D /* __init__.pyo in Resources */ = {isa = PBXBuildFile; fileRef = 36C1396613DF58DF002E512D /* __init__.pyo */; };
		36C1398B13DF58DF002E512D /* loopback_connection.py in Resources */ = {isa = PBXBuildFile; fileRef = 36C1396713DF58DF002E512D /* loopback_connection.py */; };
		36C1398C13DF58DF002E512D /* loopback_connection.pyc in Resources */ = {isa = PBXBuildFile; fileRef = 36C1396813DF58DF002E512D /* loopback_connection.pyc */; };
		36C1398D13DF58DF002E512D /* loopback_connection.pyo in Resources */ = {isa = PBXBuildFile; fileRef = 36C1396913DF58DF002E512D /* loopback_connection.pyo */; };
		36C1398E13DF58DF002E512D /* rfc2217.py in Resources */ = {isa = PBXBuildFile; fileRef = 36C1396A13DF58DF002E512D /* rfc2217.py */; };
		36C1398F13DF58DF002E512D /* rfc2217.pyc in Resources */ = {isa = PBXBuildFile; fileRef = 36C1396B13DF58DF002E512D /* rfc2217.pyc */; };
		36C1399013DF58DF002E512D /* rfc2217.pyo in Resources */ = {isa = PBXBuildFile; fileRef = 36C1396C13DF58DF002E512D /* rfc2217.pyo */; };
		36C1399113DF58DF002E512D /* serialcli.py in Resources */ = {isa = PBXBuildFile; fileRef = 36C1396D13DF58DF002E512D /* serialcli.py */; };
		36C1399213DF58DF002E512D /* serialcli.pyc in Resources */ = {isa = PBXBuildFile; fileRef = 36C1396E13DF58DF002E512D /* serialcli.pyc */; };
		36C1399313DF58DF002E512D /* serialcli.pyo in Resources */ = {isa = PBXBuildFile; fileRef = 36C1396F13DF58DF002E512D /* serialcli.pyo */; };
		36C1399413DF58DF002E512D /* serialjava.py in Resources */ = {isa = PBXBuildFile; fileRef = 36C1397013DF58DF002E512D /* serialjava.py */; };
		36C1399513DF58DF002E512D /* serialjava.pyc in Resources */ = {isa = PBXBuildFile; fileRef = 36C1397113DF58DF002E512D /* serialjava.pyc */; };
		36C1399613DF58DF002E512D /* serialjava.pyo in Resources */ = {isa = PBXBuildFile; fileRef = 36C1397213DF58DF002E512D /* serialjava.pyo */; };
		36C1399713DF58DF002E512D /* serialposix.py in Resources */ = {isa = PBXBuildFile; fileRef = 36C1397313DF58DF002E512D /* serialposix.py */; };
		36C1399813DF58DF002E512D /* serialposix.pyc in Resources */ = {isa = PBXBuildFile; fileRef = 36C1397413DF58DF002E512D /* serialposix.pyc */; };
		36C1399913DF58DF002E512D /* serialposix.pyo in Resources */ = {isa = PBXBuildFile; fileRef = 36C1397513DF58DF002E512D /* serialposix.pyo */; };
		36C1399A13DF58DF002E512D /* serialutil.py in Resources */ = {isa = PBXBuildFile; fileRef = 36C1397613DF58DF002E512D /* serialutil.py */; };
		36C1399B13DF58DF002E512D /* serialutil.pyc in Resources */ = {isa = PBXBuildFile; fileRef = 36C1397713DF58DF002E512D /* serialutil.pyc */; };
		36C1399C13DF58DF002E512D /* serialutil.pyo in Resources */ = {isa = PBXBuildFile; fileRef = 36C1397813DF58DF002E512D /* serialutil.pyo */; };
		36C1399D13DF58DF002E512D /* serialwin32.py in Resources */ = {isa = PBXBuildFile; fileRef = 36C1397913DF58DF002E512D /* serialwin32.py */; };
		36C1399E13DF58DF002E512D /* serialwin32.pyc in Resources */ = {isa = PBXBuildFile; fileRef = 36C1397A13DF58DF002E512D /* serialwin32.pyc */; };
		36C1399F13DF58DF002E512D /* serialwin32.pyo in Resources */ = {isa = PBXBuildFile; fileRef = 36C1397B13DF58DF002E512D /* serialwin32.pyo */; };
		36C139A013DF58DF002E512D /* sermsdos.py in Resources */ = {isa = PBXBuildFile; fileRef = 36C1397C13DF58DF002E512D /* sermsdos.py */; };
		36C139A113DF58DF002E512D /* sermsdos.pyc in Resources */ = {isa = PBXBuildFile; fileRef = 36C1397D13DF58DF002E512D /* sermsdos.pyc */; };
		36C139A213DF58DF002E512D /* sermsdos.pyo in Resources */ = {isa = PBXBuildFile; fileRef = 36C1397E13DF58DF002E512D /* sermsdos.pyo */; };
		36C139A313DF58DF002E512D /* socket_connection.py in Resources */ = {isa = PBXBuildFile; fileRef = 36C1397F13DF58DF002E512D /* socket_connection.py */; };
		36C139A413DF58DF002E512D /* socket_connection.pyc in Resources */ = {isa = PBXBuildFile; fileRef = 36C1398013DF58DF002E512D /* socket_connection.pyc */; };
		36C139A513DF58DF002E512D /* socket_connection.pyo in Resources */ = {isa = PBXBuildFile; fileRef = 36C1398113DF58DF002E512D /* socket_connection.pyo */; };
		36C139A613DF58DF002E512D /* win32.py in Resources */ = {isa = PBXBuildFile; fileRef = 36C1398213DF58DF002E512D /* win32.py */; };
		36C139A713DF58DF002E512D /* win32.pyc in Resources */ = {isa = PBXBuildFile; fileRef = 36C1398313DF58DF002E512D /* win32.pyc */; };
		36C139A813DF58DF002E512D /* win32.pyo in Resources */ = {isa = PBXBuildFile; fileRef = 36C1398413DF58DF002E512D /* win32.pyo */; };
		8D11072B0486CEB800E47090 /* InfoPlist.strings in Resources */ = {isa = PBXBuildFile; fileRef = 089C165CFE840E0CC02AAC07 /* InfoPlist.strings */; };
		8D11072D0486CEB800E47090 /* main.m in Sources */ = {isa = PBXBuildFile; fileRef = 29B97316FDCFA39411CA2CEA /* main.m */; settings = {ATTRIBUTES = (); }; };
		8D11072F0486CEB800E47090 /* Cocoa.framework in Frameworks */ = {isa = PBXBuildFile; fileRef = 1058C7A1FEA54F0111CA2CBB /* Cocoa.framework */; };
/* End PBXBuildFile section */

/* Begin PBXFileReference section */
		089C165DFE840E0CC02AAC07 /* English */ = {isa = PBXFileReference; fileEncoding = 4; lastKnownFileType = text.plist.strings; name = English; path = English.lproj/InfoPlist.strings; sourceTree = "<group>"; };
		1058C7A1FEA54F0111CA2CBB /* Cocoa.framework */ = {isa = PBXFileReference; lastKnownFileType = wrapper.framework; name = Cocoa.framework; path = /System/Library/Frameworks/Cocoa.framework; sourceTree = "<absolute>"; };
		13E42FB307B3F0F600E4EEF1 /* CoreData.framework */ = {isa = PBXFileReference; lastKnownFileType = wrapper.framework; name = CoreData.framework; path = /System/Library/Frameworks/CoreData.framework; sourceTree = "<absolute>"; };
		1DDD58150DA1D0A300B32029 /* English */ = {isa = PBXFileReference; lastKnownFileType = file.xib; name = English; path = English.lproj/MainMenu.xib; sourceTree = "<group>"; };
		256AC3D80F4B6AC300CF3369 /* TNC_TCP_ServerAppDelegate.h */ = {isa = PBXFileReference; fileEncoding = 4; lastKnownFileType = sourcecode.c.h; path = TNC_TCP_ServerAppDelegate.h; sourceTree = "<group>"; };
		256AC3D90F4B6AC300CF3369 /* TNC_TCP_ServerAppDelegate.m */ = {isa = PBXFileReference; fileEncoding = 4; lastKnownFileType = sourcecode.c.objc; path = TNC_TCP_ServerAppDelegate.m; sourceTree = "<group>"; };
		256AC3F00F4B6AF500CF3369 /* TNC_TCP_Server_Prefix.pch */ = {isa = PBXFileReference; fileEncoding = 4; lastKnownFileType = sourcecode.c.h; path = TNC_TCP_Server_Prefix.pch; sourceTree = "<group>"; };
		29B97316FDCFA39411CA2CEA /* main.m */ = {isa = PBXFileReference; fileEncoding = 4; lastKnownFileType = sourcecode.c.objc; path = main.m; sourceTree = "<group>"; };
		29B97324FDCFA39411CA2CEA /* AppKit.framework */ = {isa = PBXFileReference; lastKnownFileType = wrapper.framework; name = AppKit.framework; path = /System/Library/Frameworks/AppKit.framework; sourceTree = "<absolute>"; };
		29B97325FDCFA39411CA2CEA /* Foundation.framework */ = {isa = PBXFileReference; lastKnownFileType = wrapper.framework; name = Foundation.framework; path = /System/Library/Frameworks/Foundation.framework; sourceTree = "<absolute>"; };
		36100CEF13DEF6F10003945C /* TCP.framework */ = {isa = PBXFileReference; lastKnownFileType = wrapper.framework; name = TCP.framework; path = "../../../Library/Developer/Xcode/DerivedData/TCP-bcleghinkpmcxfbivgyjzxpnaouj/Build/Products/Debug/TCP.framework"; sourceTree = "<group>"; };
		3611674A13C7B6E6006FB184 /* UKFNSubscribeFileWatcher.h */ = {isa = PBXFileReference; fileEncoding = 4; lastKnownFileType = sourcecode.c.h; name = UKFNSubscribeFileWatcher.h; path = UKKQueue/UKFNSubscribeFileWatcher.h; sourceTree = "<group>"; };
		3611674B13C7B6E6006FB184 /* UKFNSubscribeFileWatcher.m */ = {isa = PBXFileReference; fileEncoding = 4; lastKnownFileType = sourcecode.c.objc; name = UKFNSubscribeFileWatcher.m; path = UKKQueue/UKFNSubscribeFileWatcher.m; sourceTree = "<group>"; };
		3611674C13C7B6E6006FB184 /* UKFileWatcher.h */ = {isa = PBXFileReference; fileEncoding = 4; lastKnownFileType = sourcecode.c.h; name = UKFileWatcher.h; path = UKKQueue/UKFileWatcher.h; sourceTree = "<group>"; };
		3611674D13C7B6E6006FB184 /* UKFileWatcher.m */ = {isa = PBXFileReference; fileEncoding = 4; lastKnownFileType = sourcecode.c.objc; name = UKFileWatcher.m; path = UKKQueue/UKFileWatcher.m; sourceTree = "<group>"; };
		3611674E13C7B6E6006FB184 /* UKKQueue Readme.txt */ = {isa = PBXFileReference; fileEncoding = 4; lastKnownFileType = text; name = "UKKQueue Readme.txt"; path = "UKKQueue/UKKQueue Readme.txt"; sourceTree = "<group>"; };
		3611674F13C7B6E6006FB184 /* UKKQueue.h */ = {isa = PBXFileReference; fileEncoding = 4; lastKnownFileType = sourcecode.c.h; name = UKKQueue.h; path = UKKQueue/UKKQueue.h; sourceTree = "<group>"; };
		3611675013C7B6E6006FB184 /* UKKQueue.m */ = {isa = PBXFileReference; fileEncoding = 4; lastKnownFileType = sourcecode.c.objc; name = UKKQueue.m; path = UKKQueue/UKKQueue.m; sourceTree = "<group>"; };
		3611675113C7B6E6006FB184 /* UKMainThreadProxy.h */ = {isa = PBXFileReference; fileEncoding = 4; lastKnownFileType = sourcecode.c.h; name = UKMainThreadProxy.h; path = UKKQueue/UKMainThreadProxy.h; sourceTree = "<group>"; };
		3611675213C7B6E6006FB184 /* UKMainThreadProxy.m */ = {isa = PBXFileReference; fileEncoding = 4; lastKnownFileType = sourcecode.c.objc; name = UKMainThreadProxy.m; path = UKKQueue/UKMainThreadProxy.m; sourceTree = "<group>"; };
		3611685F13C7CC08006FB184 /* ParsedPacketProtocol.h */ = {isa = PBXFileReference; fileEncoding = 4; lastKnownFileType = sourcecode.c.h; path = ParsedPacketProtocol.h; sourceTree = "<group>"; };
		3655C36813CA42CF004DA800 /* Python.framework */ = {isa = PBXFileReference; lastKnownFileType = wrapper.framework; name = Python.framework; path = System/Library/Frameworks/Python.framework; sourceTree = SDKROOT; };
		3655C36D13CA4480004DA800 /* D710_logger.py */ = {isa = PBXFileReference; fileEncoding = 4; lastKnownFileType = text.script.python; path = D710_logger.py; sourceTree = "<group>"; };
		3683C75F13C91D8700FE754D /* D710_start_stop.py */ = {isa = PBXFileReference; fileEncoding = 4; lastKnownFileType = text.script.python; path = D710_start_stop.py; sourceTree = "<group>"; };
		3683C76013C91D8700FE754D /* D710_start_stop.pyc */ = {isa = PBXFileReference; lastKnownFileType = file; path = D710_start_stop.pyc; sourceTree = "<group>"; };
		36896BEC13DDE84C00775211 /* README */ = {isa = PBXFileReference; fileEncoding = 4; lastKnownFileType = text; path = README; sourceTree = "<group>"; };
		3697201413C7B01E001C3726 /* logFileReceiver.h */ = {isa = PBXFileReference; fileEncoding = 4; lastKnownFileType = sourcecode.c.h; path = logFileReceiver.h; sourceTree = "<group>"; };
		3697201513C7B01E001C3726 /* logFileReceiver.m */ = {isa = PBXFileReference; fileEncoding = 4; lastKnownFileType = sourcecode.c.objc; path = logFileReceiver.m; sourceTree = "<group>"; };
		3697202D13C7B2FB001C3726 /* libfap.dylib */ = {isa = PBXFileReference; lastKnownFileType = "compiled.mach-o.dylib"; name = libfap.dylib; path = usr/local/lib/libfap.dylib; sourceTree = SDKROOT; };
		36C1396013DF58DF002E512D /* D710_logger_windows.py */ = {isa = PBXFileReference; fileEncoding = 4; lastKnownFileType = text.script.python; path = D710_logger_windows.py; sourceTree = "<group>"; };
		36C1396113DF58DF002E512D /* D710_start_stop.pyc */ = {isa = PBXFileReference; lastKnownFileType = file; path = D710_start_stop.pyc; sourceTree = "<group>"; };
		36C1396213DF58DF002E512D /* pyserial-2.5.win32.exe */ = {isa = PBXFileReference; lastKnownFileType = file; path = "pyserial-2.5.win32.exe"; sourceTree = "<group>"; };
		36C1396413DF58DF002E512D /* __init__.py */ = {isa = PBXFileReference; fileEncoding = 4; lastKnownFileType = text.script.python; path = __init__.py; sourceTree = "<group>"; };
		36C1396513DF58DF002E512D /* __init__.pyc */ = {isa = PBXFileReference; lastKnownFileType = file; path = __init__.pyc; sourceTree = "<group>"; };
		36C1396613DF58DF002E512D /* __init__.pyo */ = {isa = PBXFileReference; lastKnownFileType = file; path = __init__.pyo; sourceTree = "<group>"; };
		36C1396713DF58DF002E512D /* loopback_connection.py */ = {isa = PBXFileReference; fileEncoding = 4; lastKnownFileType = text.script.python; path = loopback_connection.py; sourceTree = "<group>"; };
		36C1396813DF58DF002E512D /* loopback_connection.pyc */ = {isa = PBXFileReference; lastKnownFileType = file; path = loopback_connection.pyc; sourceTree = "<group>"; };
		36C1396913DF58DF002E512D /* loopback_connection.pyo */ = {isa = PBXFileReference; lastKnownFileType = file; path = loopback_connection.pyo; sourceTree = "<group>"; };
		36C1396A13DF58DF002E512D /* rfc2217.py */ = {isa = PBXFileReference; fileEncoding = 4; lastKnownFileType = text.script.python; path = rfc2217.py; sourceTree = "<group>"; };
		36C1396B13DF58DF002E512D /* rfc2217.pyc */ = {isa = PBXFileReference; lastKnownFileType = file; path = rfc2217.pyc; sourceTree = "<group>"; };
		36C1396C13DF58DF002E512D /* rfc2217.pyo */ = {isa = PBXFileReference; lastKnownFileType = file; path = rfc2217.pyo; sourceTree = "<group>"; };
		36C1396D13DF58DF002E512D /* serialcli.py */ = {isa = PBXFileReference; fileEncoding = 4; lastKnownFileType = text.script.python; path = serialcli.py; sourceTree = "<group>"; };
		36C1396E13DF58DF002E512D /* serialcli.pyc */ = {isa = PBXFileReference; lastKnownFileType = file; path = serialcli.pyc; sourceTree = "<group>"; };
		36C1396F13DF58DF002E512D /* serialcli.pyo */ = {isa = PBXFileReference; lastKnownFileType = file; path = serialcli.pyo; sourceTree = "<group>"; };
		36C1397013DF58DF002E512D /* serialjava.py */ = {isa = PBXFileReference; fileEncoding = 4; lastKnownFileType = text.script.python; path = serialjava.py; sourceTree = "<group>"; };
		36C1397113DF58DF002E512D /* serialjava.pyc */ = {isa = PBXFileReference; lastKnownFileType = file; path = serialjava.pyc; sourceTree = "<group>"; };
		36C1397213DF58DF002E512D /* serialjava.pyo */ = {isa = PBXFileReference; lastKnownFileType = file; path = serialjava.pyo; sourceTree = "<group>"; };
		36C1397313DF58DF002E512D /* serialposix.py */ = {isa = PBXFileReference; fileEncoding = 4; lastKnownFileType = text.script.python; path = serialposix.py; sourceTree = "<group>"; };
		36C1397413DF58DF002E512D /* serialposix.pyc */ = {isa = PBXFileReference; lastKnownFileType = file; path = serialposix.pyc; sourceTree = "<group>"; };
		36C1397513DF58DF002E512D /* serialposix.pyo */ = {isa = PBXFileReference; lastKnownFileType = file; path = serialposix.pyo; sourceTree = "<group>"; };
		36C1397613DF58DF002E512D /* serialutil.py */ = {isa = PBXFileReference; fileEncoding = 4; lastKnownFileType = text.script.python; path = serialutil.py; sourceTree = "<group>"; };
		36C1397713DF58DF002E512D /* serialutil.pyc */ = {isa = PBXFileReference; lastKnownFileType = file; path = serialutil.pyc; sourceTree = "<group>"; };
		36C1397813DF58DF002E512D /* serialutil.pyo */ = {isa = PBXFileReference; lastKnownFileType = file; path = serialutil.pyo; sourceTree = "<group>"; };
		36C1397913DF58DF002E512D /* serialwin32.py */ = {isa = PBXFileReference; fileEncoding = 4; lastKnownFileType = text.script.python; path = serialwin32.py; sourceTree = "<group>"; };
		36C1397A13DF58DF002E512D /* serialwin32.pyc */ = {isa = PBXFileReference; lastKnownFileType = file; path = serialwin32.pyc; sourceTree = "<group>"; };
		36C1397B13DF58DF002E512D /* serialwin32.pyo */ = {isa = PBXFileReference; lastKnownFileType = file; path = serialwin32.pyo; sourceTree = "<group>"; };
		36C1397C13DF58DF002E512D /* sermsdos.py */ = {isa = PBXFileReference; fileEncoding = 4; lastKnownFileType = text.script.python; path = sermsdos.py; sourceTree = "<group>"; };
		36C1397D13DF58DF002E512D /* sermsdos.pyc */ = {isa = PBXFileReference; lastKnownFileType = file; path = sermsdos.pyc; sourceTree = "<group>"; };
		36C1397E13DF58DF002E512D /* sermsdos.pyo */ = {isa = PBXFileReference; lastKnownFileType = file; path = sermsdos.pyo; sourceTree = "<group>"; };
		36C1397F13DF58DF002E512D /* socket_connection.py */ = {isa = PBXFileReference; fileEncoding = 4; lastKnownFileType = text.script.python; path = socket_connection.py; sourceTree = "<group>"; };
		36C1398013DF58DF002E512D /* socket_connection.pyc */ = {isa = PBXFileReference; lastKnownFileType = file; path = socket_connection.pyc; sourceTree = "<group>"; };
		36C1398113DF58DF002E512D /* socket_connection.pyo */ = {isa = PBXFileReference; lastKnownFileType = file; path = socket_connection.pyo; sourceTree = "<group>"; };
		36C1398213DF58DF002E512D /* win32.py */ = {isa = PBXFileReference; fileEncoding = 4; lastKnownFileType = text.script.python; path = win32.py; sourceTree = "<group>"; };
		36C1398313DF58DF002E512D /* win32.pyc */ = {isa = PBXFileReference; lastKnownFileType = file; path = win32.pyc; sourceTree = "<group>"; };
		36C1398413DF58DF002E512D /* win32.pyo */ = {isa = PBXFileReference; lastKnownFileType = file; path = win32.pyo; sourceTree = "<group>"; };
		8D1107310486CEB800E47090 /* TNC_TCP_Server-Info.plist */ = {isa = PBXFileReference; fileEncoding = 4; lastKnownFileType = text.plist.xml; path = "TNC_TCP_Server-Info.plist"; sourceTree = "<group>"; };
		8D1107320486CEB800E47090 /* TNC_TCP_Server.app */ = {isa = PBXFileReference; explicitFileType = wrapper.application; includeInIndex = 0; path = TNC_TCP_Server.app; sourceTree = BUILT_PRODUCTS_DIR; };
/* End PBXFileReference section */

/* Begin PBXFrameworksBuildPhase section */
		8D11072E0486CEB800E47090 /* Frameworks */ = {
			isa = PBXFrameworksBuildPhase;
			buildActionMask = 2147483647;
			files = (
				36100CF013DEF6F10003945C /* TCP.framework in Frameworks */,
				8D11072F0486CEB800E47090 /* Cocoa.framework in Frameworks */,
				3655C36913CA42CF004DA800 /* Python.framework in Frameworks */,
				3697202E13C7B2FB001C3726 /* libfap.dylib in Frameworks */,
			);
			runOnlyForDeploymentPostprocessing = 0;
		};
/* End PBXFrameworksBuildPhase section */

/* Begin PBXGroup section */
		080E96DDFE201D6D7F000001 /* Classes */ = {
			isa = PBXGroup;
			children = (
				3683C75D13C91D8700FE754D /* D710 Logger */,
				36971FE613C7AF7D001C3726 /* Input Sources */,
				256AC3D80F4B6AC300CF3369 /* TNC_TCP_ServerAppDelegate.h */,
				256AC3D90F4B6AC300CF3369 /* TNC_TCP_ServerAppDelegate.m */,
			);
			name = Classes;
			sourceTree = "<group>";
		};
		1058C7A0FEA54F0111CA2CBB /* Linked Frameworks */ = {
			isa = PBXGroup;
			children = (
				1058C7A1FEA54F0111CA2CBB /* Cocoa.framework */,
			);
			name = "Linked Frameworks";
			sourceTree = "<group>";
		};
		1058C7A2FEA54F0111CA2CBB /* Other Frameworks */ = {
			isa = PBXGroup;
			children = (
				29B97324FDCFA39411CA2CEA /* AppKit.framework */,
				13E42FB307B3F0F600E4EEF1 /* CoreData.framework */,
				29B97325FDCFA39411CA2CEA /* Foundation.framework */,
			);
			name = "Other Frameworks";
			sourceTree = "<group>";
		};
		19C28FACFE9D520D11CA2CBB /* Products */ = {
			isa = PBXGroup;
			children = (
				8D1107320486CEB800E47090 /* TNC_TCP_Server.app */,
			);
			name = Products;
			sourceTree = "<group>";
		};
		29B97314FDCFA39411CA2CEA /* TNC_TCP_Server */ = {
			isa = PBXGroup;
			children = (
				36896BEC13DDE84C00775211 /* README */,
				080E96DDFE201D6D7F000001 /* Classes */,
				29B97315FDCFA39411CA2CEA /* Other Sources */,
				29B97317FDCFA39411CA2CEA /* Resources */,
				29B97323FDCFA39411CA2CEA /* Frameworks */,
				19C28FACFE9D520D11CA2CBB /* Products */,
			);
			name = TNC_TCP_Server;
			sourceTree = "<group>";
		};
		29B97315FDCFA39411CA2CEA /* Other Sources */ = {
			isa = PBXGroup;
			children = (
				256AC3F00F4B6AF500CF3369 /* TNC_TCP_Server_Prefix.pch */,
				29B97316FDCFA39411CA2CEA /* main.m */,
			);
			name = "Other Sources";
			sourceTree = "<group>";
		};
		29B97317FDCFA39411CA2CEA /* Resources */ = {
			isa = PBXGroup;
			children = (
				8D1107310486CEB800E47090 /* TNC_TCP_Server-Info.plist */,
				089C165CFE840E0CC02AAC07 /* InfoPlist.strings */,
				1DDD58140DA1D0A300B32029 /* MainMenu.xib */,
			);
			name = Resources;
			sourceTree = "<group>";
		};
		29B97323FDCFA39411CA2CEA /* Frameworks */ = {
			isa = PBXGroup;
			children = (
				36100CEF13DEF6F10003945C /* TCP.framework */,
				3655C36813CA42CF004DA800 /* Python.framework */,
				1058C7A0FEA54F0111CA2CBB /* Linked Frameworks */,
				1058C7A2FEA54F0111CA2CBB /* Other Frameworks */,
				3697202D13C7B2FB001C3726 /* libfap.dylib */,
			);
			name = Frameworks;
			sourceTree = "<group>";
		};
		3611674913C7B6DB006FB184 /* UKKQueue */ = {
			isa = PBXGroup;
			children = (
				3611674A13C7B6E6006FB184 /* UKFNSubscribeFileWatcher.h */,
				3611674B13C7B6E6006FB184 /* UKFNSubscribeFileWatcher.m */,
				3611674C13C7B6E6006FB184 /* UKFileWatcher.h */,
				3611674D13C7B6E6006FB184 /* UKFileWatcher.m */,
				3611674E13C7B6E6006FB184 /* UKKQueue Readme.txt */,
				3611674F13C7B6E6006FB184 /* UKKQueue.h */,
				3611675013C7B6E6006FB184 /* UKKQueue.m */,
				3611675113C7B6E6006FB184 /* UKMainThreadProxy.h */,
				3611675213C7B6E6006FB184 /* UKMainThreadProxy.m */,
			);
			name = UKKQueue;
			sourceTree = "<group>";
		};
		3683C75D13C91D8700FE754D /* D710 Logger */ = {
			isa = PBXGroup;
			children = (
				36C1395F13DF58DF002E512D /* Windows */,
				3655C36D13CA4480004DA800 /* D710_logger.py */,
				3683C75F13C91D8700FE754D /* D710_start_stop.py */,
				3683C76013C91D8700FE754D /* D710_start_stop.pyc */,
			);
			path = "D710 Logger";
			sourceTree = "<group>";
		};
		36971FE613C7AF7D001C3726 /* Input Sources */ = {
			isa = PBXGroup;
			children = (
				3611674913C7B6DB006FB184 /* UKKQueue */,
				3611685F13C7CC08006FB184 /* ParsedPacketProtocol.h */,
				3697201413C7B01E001C3726 /* logFileReceiver.h */,
				3697201513C7B01E001C3726 /* logFileReceiver.m */,
			);
			name = "Input Sources";
			sourceTree = "<group>";
		};
		36C1395F13DF58DF002E512D /* Windows */ = {
			isa = PBXGroup;
			children = (
				36C1396013DF58DF002E512D /* D710_logger_windows.py */,
				36C1396113DF58DF002E512D /* D710_start_stop.pyc */,
				36C1396213DF58DF002E512D /* pyserial-2.5.win32.exe */,
				36C1396313DF58DF002E512D /* serial */,
			);
			path = Windows;
			sourceTree = "<group>";
		};
		36C1396313DF58DF002E512D /* serial */ = {
			isa = PBXGroup;
			children = (
				36C1396413DF58DF002E512D /* __init__.py */,
				36C1396513DF58DF002E512D /* __init__.pyc */,
				36C1396613DF58DF002E512D /* __init__.pyo */,
				36C1396713DF58DF002E512D /* loopback_connection.py */,
				36C1396813DF58DF002E512D /* loopback_connection.pyc */,
				36C1396913DF58DF002E512D /* loopback_connection.pyo */,
				36C1396A13DF58DF002E512D /* rfc2217.py */,
				36C1396B13DF58DF002E512D /* rfc2217.pyc */,
				36C1396C13DF58DF002E512D /* rfc2217.pyo */,
				36C1396D13DF58DF002E512D /* serialcli.py */,
				36C1396E13DF58DF002E512D /* serialcli.pyc */,
				36C1396F13DF58DF002E512D /* serialcli.pyo */,
				36C1397013DF58DF002E512D /* serialjava.py */,
				36C1397113DF58DF002E512D /* serialjava.pyc */,
				36C1397213DF58DF002E512D /* serialjava.pyo */,
				36C1397313DF58DF002E512D /* serialposix.py */,
				36C1397413DF58DF002E512D /* serialposix.pyc */,
				36C1397513DF58DF002E512D /* serialposix.pyo */,
				36C1397613DF58DF002E512D /* serialutil.py */,
				36C1397713DF58DF002E512D /* serialutil.pyc */,
				36C1397813DF58DF002E512D /* serialutil.pyo */,
				36C1397913DF58DF002E512D /* serialwin32.py */,
				36C1397A13DF58DF002E512D /* serialwin32.pyc */,
				36C1397B13DF58DF002E512D /* serialwin32.pyo */,
				36C1397C13DF58DF002E512D /* sermsdos.py */,
				36C1397D13DF58DF002E512D /* sermsdos.pyc */,
				36C1397E13DF58DF002E512D /* sermsdos.pyo */,
				36C1397F13DF58DF002E512D /* socket_connection.py */,
				36C1398013DF58DF002E512D /* socket_connection.pyc */,
				36C1398113DF58DF002E512D /* socket_connection.pyo */,
				36C1398213DF58DF002E512D /* win32.py */,
				36C1398313DF58DF002E512D /* win32.pyc */,
				36C1398413DF58DF002E512D /* win32.pyo */,
			);
			path = serial;
			sourceTree = "<group>";
		};
/* End PBXGroup section */

/* Begin PBXNativeTarget section */
		8D1107260486CEB800E47090 /* TNC_TCP_Server */ = {
			isa = PBXNativeTarget;
			buildConfigurationList = C01FCF4A08A954540054247B /* Build configuration list for PBXNativeTarget "TNC_TCP_Server" */;
			buildPhases = (
				8D1107290486CEB800E47090 /* Resources */,
				8D11072C0486CEB800E47090 /* Sources */,
				8D11072E0486CEB800E47090 /* Frameworks */,
			);
			buildRules = (
			);
			dependencies = (
			);
			name = TNC_TCP_Server;
			productInstallPath = "$(HOME)/Applications";
			productName = TNC_TCP_Server;
			productReference = 8D1107320486CEB800E47090 /* TNC_TCP_Server.app */;
			productType = "com.apple.product-type.application";
		};
/* End PBXNativeTarget section */

/* Begin PBXProject section */
		29B97313FDCFA39411CA2CEA /* Project object */ = {
			isa = PBXProject;
			attributes = {
				LastUpgradeCheck = 0410;
			};
			buildConfigurationList = C01FCF4E08A954540054247B /* Build configuration list for PBXProject "TNC_TCP_Server" */;
			compatibilityVersion = "Xcode 3.2";
			developmentRegion = English;
			hasScannedForEncodings = 1;
			knownRegions = (
				English,
				Japanese,
				French,
				German,
			);
			mainGroup = 29B97314FDCFA39411CA2CEA /* TNC_TCP_Server */;
			projectDirPath = "";
			projectRoot = "";
			targets = (
				8D1107260486CEB800E47090 /* TNC_TCP_Server */,
			);
		};
/* End PBXProject section */

/* Begin PBXResourcesBuildPhase section */
		8D1107290486CEB800E47090 /* Resources */ = {
			isa = PBXResourcesBuildPhase;
			buildActionMask = 2147483647;
			files = (
				8D11072B0486CEB800E47090 /* InfoPlist.strings in Resources */,
				1DDD58160DA1D0A300B32029 /* MainMenu.xib in Resources */,
				3611675513C7B6E6006FB184 /* UKKQueue Readme.txt in Resources */,
				3683C76213C91D8700FE754D /* D710_start_stop.py in Resources */,
				3683C76313C91D8700FE754D /* D710_start_stop.pyc in Resources */,
				3655C36E13CA4480004DA800 /* D710_logger.py in Resources */,
				36896BED13DDE84C00775211 /* README in Resources */,
				36C1398513DF58DF002E512D /* D710_logger_windows.py in Resources */,
				36C1398613DF58DF002E512D /* D710_start_stop.pyc in Resources */,
				36C1398713DF58DF002E512D /* pyserial-2.5.win32.exe in Resources */,
				36C1398813DF58DF002E512D /* __init__.py in Resources */,
				36C1398913DF58DF002E512D /* __init__.pyc in Resources */,
				36C1398A13DF58DF002E512D /* __init__.pyo in Resources */,
				36C1398B13DF58DF002E512D /* loopback_connection.py in Resources */,
				36C1398C13DF58DF002E512D /* loopback_connection.pyc in Resources */,
				36C1398D13DF58DF002E512D /* loopback_connection.pyo in Resources */,
				36C1398E13DF58DF002E512D /* rfc2217.py in Resources */,
				36C1398F13DF58DF002E512D /* rfc2217.pyc in Resources */,
				36C1399013DF58DF002E512D /* rfc2217.pyo in Resources */,
				36C1399113DF58DF002E512D /* serialcli.py in Resources */,
				36C1399213DF58DF002E512D /* serialcli.pyc in Resources */,
				36C1399313DF58DF002E512D /* serialcli.pyo in Resources */,
				36C1399413DF58DF002E512D /* serialjava.py in Resources */,
				36C1399513DF58DF002E512D /* serialjava.pyc in Resources */,
				36C1399613DF58DF002E512D /* serialjava.pyo in Resources */,
				36C1399713DF58DF002E512D /* serialposix.py in Resources */,
				36C1399813DF58DF002E512D /* serialposix.pyc in Resources */,
				36C1399913DF58DF002E512D /* serialposix.pyo in Resources */,
				36C1399A13DF58DF002E512D /* serialutil.py in Resources */,
				36C1399B13DF58DF002E512D /* serialutil.pyc in Resources */,
				36C1399C13DF58DF002E512D /* serialutil.pyo in Resources */,
				36C1399D13DF58DF002E512D /* serialwin32.py in Resources */,
				36C1399E13DF58DF002E512D /* serialwin32.pyc in Resources */,
				36C1399F13DF58DF002E512D /* serialwin32.pyo in Resources */,
				36C139A013DF58DF002E512D /* sermsdos.py in Resources */,
				36C139A113DF58DF002E512D /* sermsdos.pyc in Resources */,
				36C139A213DF58DF002E512D /* sermsdos.pyo in Resources */,
				36C139A313DF58DF002E512D /* socket_connection.py in Resources */,
				36C139A413DF58DF002E512D /* socket_connection.pyc in Resources */,
				36C139A513DF58DF002E512D /* socket_connection.pyo in Resources */,
				36C139A613DF58DF002E512D /* win32.py in Resources */,
				36C139A713DF58DF002E512D /* win32.pyc in Resources */,
				36C139A813DF58DF002E512D /* win32.pyo in Resources */,
			);
			runOnlyForDeploymentPostprocessing = 0;
		};
/* End PBXResourcesBuildPhase section */

/* Begin PBXSourcesBuildPhase section */
		8D11072C0486CEB800E47090 /* Sources */ = {
			isa = PBXSourcesBuildPhase;
			buildActionMask = 2147483647;
			files = (
				8D11072D0486CEB800E47090 /* main.m in Sources */,
				256AC3DA0F4B6AC300CF3369 /* TNC_TCP_ServerAppDelegate.m in Sources */,
				3697201613C7B01E001C3726 /* logFileReceiver.m in Sources */,
				3611675313C7B6E6006FB184 /* UKFNSubscribeFileWatcher.m in Sources */,
				3611675413C7B6E6006FB184 /* UKFileWatcher.m in Sources */,
				3611675613C7B6E6006FB184 /* UKKQueue.m in Sources */,
				3611675713C7B6E6006FB184 /* UKMainThreadProxy.m in Sources */,
			);
			runOnlyForDeploymentPostprocessing = 0;
		};
/* End PBXSourcesBuildPhase section */

/* Begin PBXVariantGroup section */
		089C165CFE840E0CC02AAC07 /* InfoPlist.strings */ = {
			isa = PBXVariantGroup;
			children = (
				089C165DFE840E0CC02AAC07 /* English */,
			);
			name = InfoPlist.strings;
			sourceTree = "<group>";
		};
		1DDD58140DA1D0A300B32029 /* MainMenu.xib */ = {
			isa = PBXVariantGroup;
			children = (
				1DDD58150DA1D0A300B32029 /* English */,
			);
			name = MainMenu.xib;
			sourceTree = "<group>";
		};
/* End PBXVariantGroup section */

/* Begin XCBuildConfiguration section */
		C01FCF4B08A954540054247B /* Debug */ = {
			isa = XCBuildConfiguration;
			buildSettings = {
				ALWAYS_SEARCH_USER_PATHS = NO;
				COPY_PHASE_STRIP = NO;
				FRAMEWORK_SEARCH_PATHS = (
					"$(inherited)",
					"\"$(SRCROOT)/../../../Library/Developer/Xcode/DerivedData/TCP-fsziqsxxqaizssebnuxonecvddvc/Build/Products/Debug\"",
					"\"$(SRCROOT)/../../../Library/Developer/Xcode/DerivedData/TCP-bcleghinkpmcxfbivgyjzxpnaouj/Build/Products/Debug\"",
				);
				GCC_DYNAMIC_NO_PIC = NO;
				GCC_MODEL_TUNING = G5;
				GCC_OPTIMIZATION_LEVEL = 0;
				GCC_PRECOMPILE_PREFIX_HEADER = YES;
				GCC_PREFIX_HEADER = TNC_TCP_Server_Prefix.pch;
				INFOPLIST_FILE = "TNC_TCP_Server-Info.plist";
				INSTALL_PATH = "$(HOME)/Applications";
				MACOSX_DEPLOYMENT_TARGET = 10.7;
				PRODUCT_NAME = TNC_TCP_Server;
			};
			name = Debug;
		};
		C01FCF4C08A954540054247B /* Release */ = {
			isa = XCBuildConfiguration;
			buildSettings = {
				ALWAYS_SEARCH_USER_PATHS = NO;
				DEBUG_INFORMATION_FORMAT = "dwarf-with-dsym";
				FRAMEWORK_SEARCH_PATHS = (
					"$(inherited)",
					"\"$(SRCROOT)/../../../Library/Developer/Xcode/DerivedData/TCP-fsziqsxxqaizssebnuxonecvddvc/Build/Products/Debug\"",
					"\"$(SRCROOT)/../../../Library/Developer/Xcode/DerivedData/TCP-bcleghinkpmcxfbivgyjzxpnaouj/Build/Products/Debug\"",
				);
				GCC_MODEL_TUNING = G5;
				GCC_PRECOMPILE_PREFIX_HEADER = YES;
				GCC_PREFIX_HEADER = TNC_TCP_Server_Prefix.pch;
				INFOPLIST_FILE = "TNC_TCP_Server-Info.plist";
				INSTALL_PATH = "$(HOME)/Applications";
				MACOSX_DEPLOYMENT_TARGET = 10.7;
				PRODUCT_NAME = TNC_TCP_Server;
			};
			name = Release;
		};
		C01FCF4F08A954540054247B /* Debug */ = {
			isa = XCBuildConfiguration;
			buildSettings = {
				ARCHS = "$(ARCHS_STANDARD_32_64_BIT)";
				GCC_C_LANGUAGE_STANDARD = gnu99;
				GCC_OPTIMIZATION_LEVEL = 0;
				GCC_WARN_ABOUT_RETURN_TYPE = YES;
				GCC_WARN_UNUSED_VARIABLE = YES;
				ONLY_ACTIVE_ARCH = YES;
				SDKROOT = macosx;
			};
			name = Debug;
		};
		C01FCF5008A954540054247B /* Release */ = {
			isa = XCBuildConfiguration;
			buildSettings = {
				ARCHS = "$(ARCHS_STANDARD_32_64_BIT)";
				GCC_C_LANGUAGE_STANDARD = gnu99;
				GCC_WARN_ABOUT_RETURN_TYPE = YES;
				GCC_WARN_UNUSED_VARIABLE = YES;
				SDKROOT = macosx;
			};
			name = Release;
		};
/* End XCBuildConfiguration section */

/* Begin XCConfigurationList section */
		C01FCF4A08A954540054247B /* Build configuration list for PBXNativeTarget "TNC_TCP_Server" */ = {
			isa = XCConfigurationList;
			buildConfigurations = (
				C01FCF4B08A954540054247B /* Debug */,
				C01FCF4C08A954540054247B /* Release */,
			);
			defaultConfigurationIsVisible = 0;
			defaultConfigurationName = Release;
		};
		C01FCF4E08A954540054247B /* Build configuration list for PBXProject "TNC_TCP_Server" */ = {
			isa = XCConfigurationList;
			buildConfigurations = (
				C01FCF4F08A954540054247B /* Debug */,
				C01FCF5008A954540054247B /* Release */,
			);
			defaultConfigurationIsVisible = 0;
			defaultConfigurationName = Release;
		};
/* End XCConfigurationList section */
	};
	rootObject = 29B97313FDCFA39411CA2CEA /* Project object */;
}
